// !$*UTF8*$!
{
	archiveVersion = 1;
	classes = {
	};
	objectVersion = 50;
	objects = {

/* Begin PBXBuildFile section */
		D86766CC26C1072D0028F123 /* AppDelegate.swift in Sources */ = {isa = PBXBuildFile; fileRef = D86766CB26C1072D0028F123 /* AppDelegate.swift */; };
		D86766D026C1072D0028F123 /* ViewController.swift in Sources */ = {isa = PBXBuildFile; fileRef = D86766CF26C1072D0028F123 /* ViewController.swift */; };
		D86766D326C1072D0028F123 /* Main.storyboard in Resources */ = {isa = PBXBuildFile; fileRef = D86766D126C1072D0028F123 /* Main.storyboard */; };
		D86766D526C1072F0028F123 /* Assets.xcassets in Resources */ = {isa = PBXBuildFile; fileRef = D86766D426C1072F0028F123 /* Assets.xcassets */; };
		D86766D826C1072F0028F123 /* LaunchScreen.storyboard in Resources */ = {isa = PBXBuildFile; fileRef = D86766D626C1072F0028F123 /* LaunchScreen.storyboard */; };
		D86766E026C107620028F123 /* SpinnerView.swift in Sources */ = {isa = PBXBuildFile; fileRef = D86766DF26C107620028F123 /* SpinnerView.swift */; };
		D86766E426C108A10028F123 /* SpinnerViewObjC.m in Sources */ = {isa = PBXBuildFile; fileRef = D86766E326C108A10028F123 /* SpinnerViewObjC.m */; };
/* End PBXBuildFile section */

/* Begin PBXFileReference section */
		D86766C826C1072D0028F123 /* SpinnerViewSample.app */ = {isa = PBXFileReference; explicitFileType = wrapper.application; includeInIndex = 0; path = SpinnerViewSample.app; sourceTree = BUILT_PRODUCTS_DIR; };
		D86766CB26C1072D0028F123 /* AppDelegate.swift */ = {isa = PBXFileReference; lastKnownFileType = sourcecode.swift; path = AppDelegate.swift; sourceTree = "<group>"; };
		D86766CF26C1072D0028F123 /* ViewController.swift */ = {isa = PBXFileReference; lastKnownFileType = sourcecode.swift; path = ViewController.swift; sourceTree = "<group>"; };
		D86766D226C1072D0028F123 /* Base */ = {isa = PBXFileReference; lastKnownFileType = file.storyboard; name = Base; path = Base.lproj/Main.storyboard; sourceTree = "<group>"; };
		D86766D426C1072F0028F123 /* Assets.xcassets */ = {isa = PBXFileReference; lastKnownFileType = folder.assetcatalog; path = Assets.xcassets; sourceTree = "<group>"; };
		D86766D726C1072F0028F123 /* Base */ = {isa = PBXFileReference; lastKnownFileType = file.storyboard; name = Base; path = Base.lproj/LaunchScreen.storyboard; sourceTree = "<group>"; };
		D86766D926C1072F0028F123 /* Info.plist */ = {isa = PBXFileReference; lastKnownFileType = text.plist.xml; path = Info.plist; sourceTree = "<group>"; };
		D86766DF26C107620028F123 /* SpinnerView.swift */ = {isa = PBXFileReference; lastKnownFileType = sourcecode.swift; path = SpinnerView.swift; sourceTree = "<group>"; };
		D86766E126C108A00028F123 /* SpinnerViewSample-Bridging-Header.h */ = {isa = PBXFileReference; lastKnownFileType = sourcecode.c.h; path = "SpinnerViewSample-Bridging-Header.h"; sourceTree = "<group>"; };
		D86766E226C108A10028F123 /* SpinnerViewObjC.h */ = {isa = PBXFileReference; lastKnownFileType = sourcecode.c.h; path = SpinnerViewObjC.h; sourceTree = "<group>"; };
		D86766E326C108A10028F123 /* SpinnerViewObjC.m */ = {isa = PBXFileReference; lastKnownFileType = sourcecode.c.objc; path = SpinnerViewObjC.m; sourceTree = "<group>"; };
/* End PBXFileReference section */

/* Begin PBXFrameworksBuildPhase section */
		D86766C526C1072D0028F123 /* Frameworks */ = {
			isa = PBXFrameworksBuildPhase;
			buildActionMask = 2147483647;
			files = (
			);
			runOnlyForDeploymentPostprocessing = 0;
		};
/* End PBXFrameworksBuildPhase section */

/* Begin PBXGroup section */
		D86766BF26C1072D0028F123 = {
			isa = PBXGroup;
			children = (
				D86766CA26C1072D0028F123 /* SpinnerViewSample */,
				D86766C926C1072D0028F123 /* Products */,
			);
			sourceTree = "<group>";
		};
		D86766C926C1072D0028F123 /* Products */ = {
			isa = PBXGroup;
			children = (
				D86766C826C1072D0028F123 /* SpinnerViewSample.app */,
			);
			name = Products;
			sourceTree = "<group>";
		};
		D86766CA26C1072D0028F123 /* SpinnerViewSample */ = {
			isa = PBXGroup;
			children = (
				D86766CB26C1072D0028F123 /* AppDelegate.swift */,
				D86766CF26C1072D0028F123 /* ViewController.swift */,
				D86766DF26C107620028F123 /* SpinnerView.swift */,
				D86766E226C108A10028F123 /* SpinnerViewObjC.h */,
				D86766E326C108A10028F123 /* SpinnerViewObjC.m */,
				D86766D126C1072D0028F123 /* Main.storyboard */,
				D86766D426C1072F0028F123 /* Assets.xcassets */,
				D86766D626C1072F0028F123 /* LaunchScreen.storyboard */,
				D86766D926C1072F0028F123 /* Info.plist */,
				D86766E126C108A00028F123 /* SpinnerViewSample-Bridging-Header.h */,
			);
			path = SpinnerViewSample;
			sourceTree = "<group>";
		};
/* End PBXGroup section */

/* Begin PBXNativeTarget section */
		D86766C726C1072D0028F123 /* SpinnerViewSample */ = {
			isa = PBXNativeTarget;
			buildConfigurationList = D86766DC26C1072F0028F123 /* Build configuration list for PBXNativeTarget "SpinnerViewSample" */;
			buildPhases = (
				D86766C426C1072D0028F123 /* Sources */,
				D86766C526C1072D0028F123 /* Frameworks */,
				D86766C626C1072D0028F123 /* Resources */,
			);
			buildRules = (
			);
			dependencies = (
			);
			name = SpinnerViewSample;
			productName = SpinnerViewSample;
			productReference = D86766C826C1072D0028F123 /* SpinnerViewSample.app */;
			productType = "com.apple.product-type.application";
		};
/* End PBXNativeTarget section */

/* Begin PBXProject section */
		D86766C026C1072D0028F123 /* Project object */ = {
			isa = PBXProject;
			attributes = {
				LastSwiftUpdateCheck = 1250;
				LastUpgradeCheck = 1250;
				TargetAttributes = {
					D86766C726C1072D0028F123 = {
						CreatedOnToolsVersion = 12.5;
						LastSwiftMigration = 1250;
					};
				};
			};
			buildConfigurationList = D86766C326C1072D0028F123 /* Build configuration list for PBXProject "SpinnerViewSample" */;
			compatibilityVersion = "Xcode 9.3";
			developmentRegion = en;
			hasScannedForEncodings = 0;
			knownRegions = (
				en,
				Base,
			);
			mainGroup = D86766BF26C1072D0028F123;
			productRefGroup = D86766C926C1072D0028F123 /* Products */;
			projectDirPath = "";
			projectRoot = "";
			targets = (
				D86766C726C1072D0028F123 /* SpinnerViewSample */,
			);
		};
/* End PBXProject section */

/* Begin PBXResourcesBuildPhase section */
		D86766C626C1072D0028F123 /* Resources */ = {
			isa = PBXResourcesBuildPhase;
			buildActionMask = 2147483647;
			files = (
				D86766D826C1072F0028F123 /* LaunchScreen.storyboard in Resources */,
				D86766D526C1072F0028F123 /* Assets.xcassets in Resources */,
				D86766D326C1072D0028F123 /* Main.storyboard in Resources */,
			);
			runOnlyForDeploymentPostprocessing = 0;
		};
/* End PBXResourcesBuildPhase section */

/* Begin PBXSourcesBuildPhase section */
		D86766C426C1072D0028F123 /* Sources */ = {
			isa = PBXSourcesBuildPhase;
			buildActionMask = 2147483647;
			files = (
				D86766E426C108A10028F123 /* SpinnerViewObjC.m in Sources */,
				D86766D026C1072D0028F123 /* ViewController.swift in Sources */,
				D86766E026C107620028F123 /* SpinnerView.swift in Sources */,
				D86766CC26C1072D0028F123 /* AppDelegate.swift in Sources */,
			);
			runOnlyForDeploymentPostprocessing = 0;
		};
/* End PBXSourcesBuildPhase section */

/* Begin PBXVariantGroup section */
		D86766D126C1072D0028F123 /* Main.storyboard */ = {
			isa = PBXVariantGroup;
			children = (
				D86766D226C1072D0028F123 /* Base */,
			);
			name = Main.storyboard;
			sourceTree = "<group>";
		};
		D86766D626C1072F0028F123 /* LaunchScreen.storyboard */ = {
			isa = PBXVariantGroup;
			children = (
				D86766D726C1072F0028F123 /* Base */,
			);
			name = LaunchScreen.storyboard;
			sourceTree = "<group>";
		};
/* End PBXVariantGroup section */

/* Begin XCBuildConfiguration section */
		D86766DA26C1072F0028F123 /* Debug */ = {
			isa = XCBuildConfiguration;
			buildSettings = {
				ALWAYS_SEARCH_USER_PATHS = NO;
				CLANG_ANALYZER_NONNULL = YES;
				CLANG_ANALYZER_NUMBER_OBJECT_CONVERSION = YES_AGGRESSIVE;
				CLANG_CXX_LANGUAGE_STANDARD = "gnu++14";
				CLANG_CXX_LIBRARY = "libc++";
				CLANG_ENABLE_MODULES = YES;
				CLANG_ENABLE_OBJC_ARC = YES;
				CLANG_ENABLE_OBJC_WEAK = YES;
				CLANG_WARN_BLOCK_CAPTURE_AUTORELEASING = YES;
				CLANG_WARN_BOOL_CONVERSION = YES;
				CLANG_WARN_COMMA = YES;
				CLANG_WARN_CONSTANT_CONVERSION = YES;
				CLANG_WARN_DEPRECATED_OBJC_IMPLEMENTATIONS = YES;
				CLANG_WARN_DIRECT_OBJC_ISA_USAGE = YES_ERROR;
				CLANG_WARN_DOCUMENTATION_COMMENTS = YES;
				CLANG_WARN_EMPTY_BODY = YES;
				CLANG_WARN_ENUM_CONVERSION = YES;
				CLANG_WARN_INFINITE_RECURSION = YES;
				CLANG_WARN_INT_CONVERSION = YES;
				CLANG_WARN_NON_LITERAL_NULL_CONVERSION = YES;
				CLANG_WARN_OBJC_IMPLICIT_RETAIN_SELF = YES;
				CLANG_WARN_OBJC_LITERAL_CONVERSION = YES;
				CLANG_WARN_OBJC_ROOT_CLASS = YES_ERROR;
				CLANG_WARN_QUOTED_INCLUDE_IN_FRAMEWORK_HEADER = YES;
				CLANG_WARN_RANGE_LOOP_ANALYSIS = YES;
				CLANG_WARN_STRICT_PROTOTYPES = YES;
				CLANG_WARN_SUSPICIOUS_MOVE = YES;
				CLANG_WARN_UNGUARDED_AVAILABILITY = YES_AGGRESSIVE;
				CLANG_WARN_UNREACHABLE_CODE = YES;
				CLANG_WARN__DUPLICATE_METHOD_MATCH = YES;
				COPY_PHASE_STRIP = NO;
				DEBUG_INFORMATION_FORMAT = dwarf;
				ENABLE_STRICT_OBJC_MSGSEND = YES;
				ENABLE_TESTABILITY = YES;
				GCC_C_LANGUAGE_STANDARD = gnu11;
				GCC_DYNAMIC_NO_PIC = NO;
				GCC_NO_COMMON_BLOCKS = YES;
				GCC_OPTIMIZATION_LEVEL = 0;
				GCC_PREPROCESSOR_DEFINITIONS = (
					"DEBUG=1",
					"$(inherited)",
				);
				GCC_WARN_64_TO_32_BIT_CONVERSION = YES;
				GCC_WARN_ABOUT_RETURN_TYPE = YES_ERROR;
				GCC_WARN_UNDECLARED_SELECTOR = YES;
				GCC_WARN_UNINITIALIZED_AUTOS = YES_AGGRESSIVE;
				GCC_WARN_UNUSED_FUNCTION = YES;
				GCC_WARN_UNUSED_VARIABLE = YES;
				IPHONEOS_DEPLOYMENT_TARGET = 14.5;
				MTL_ENABLE_DEBUG_INFO = INCLUDE_SOURCE;
				MTL_FAST_MATH = YES;
				ONLY_ACTIVE_ARCH = YES;
				SDKROOT = iphoneos;
				SWIFT_ACTIVE_COMPILATION_CONDITIONS = DEBUG;
				SWIFT_OPTIMIZATION_LEVEL = "-Onone";
			};
			name = Debug;
		};
		D86766DB26C1072F0028F123 /* Release */ = {
			isa = XCBuildConfiguration;
			buildSettings = {
				ALWAYS_SEARCH_USER_PATHS = NO;
				CLANG_ANALYZER_NONNULL = YES;
				CLANG_ANALYZER_NUMBER_OBJECT_CONVERSION = YES_AGGRESSIVE;
				CLANG_CXX_LANGUAGE_STANDARD = "gnu++14";
				CLANG_CXX_LIBRARY = "libc++";
				CLANG_ENABLE_MODULES = YES;
				CLANG_ENABLE_OBJC_ARC = YES;
				CLANG_ENABLE_OBJC_WEAK = YES;
				CLANG_WARN_BLOCK_CAPTURE_AUTORELEASING = YES;
				CLANG_WARN_BOOL_CONVERSION = YES;
				CLANG_WARN_COMMA = YES;
				CLANG_WARN_CONSTANT_CONVERSION = YES;
				CLANG_WARN_DEPRECATED_OBJC_IMPLEMENTATIONS = YES;
				CLANG_WARN_DIRECT_OBJC_ISA_USAGE = YES_ERROR;
				CLANG_WARN_DOCUMENTATION_COMMENTS = YES;
				CLANG_WARN_EMPTY_BODY = YES;
				CLANG_WARN_ENUM_CONVERSION = YES;
				CLANG_WARN_INFINITE_RECURSION = YES;
				CLANG_WARN_INT_CONVERSION = YES;
				CLANG_WARN_NON_LITERAL_NULL_CONVERSION = YES;
				CLANG_WARN_OBJC_IMPLICIT_RETAIN_SELF = YES;
				CLANG_WARN_OBJC_LITERAL_CONVERSION = YES;
				CLANG_WARN_OBJC_ROOT_CLASS = YES_ERROR;
				CLANG_WARN_QUOTED_INCLUDE_IN_FRAMEWORK_HEADER = YES;
				CLANG_WARN_RANGE_LOOP_ANALYSIS = YES;
				CLANG_WARN_STRICT_PROTOTYPES = YES;
				CLANG_WARN_SUSPICIOUS_MOVE = YES;
				CLANG_WARN_UNGUARDED_AVAILABILITY = YES_AGGRESSIVE;
				CLANG_WARN_UNREACHABLE_CODE = YES;
				CLANG_WARN__DUPLICATE_METHOD_MATCH = YES;
				COPY_PHASE_STRIP = NO;
				DEBUG_INFORMATION_FORMAT = "dwarf-with-dsym";
				ENABLE_NS_ASSERTIONS = NO;
				ENABLE_STRICT_OBJC_MSGSEND = YES;
				GCC_C_LANGUAGE_STANDARD = gnu11;
				GCC_NO_COMMON_BLOCKS = YES;
				GCC_WARN_64_TO_32_BIT_CONVERSION = YES;
				GCC_WARN_ABOUT_RETURN_TYPE = YES_ERROR;
				GCC_WARN_UNDECLARED_SELECTOR = YES;
				GCC_WARN_UNINITIALIZED_AUTOS = YES_AGGRESSIVE;
				GCC_WARN_UNUSED_FUNCTION = YES;
				GCC_WARN_UNUSED_VARIABLE = YES;
				IPHONEOS_DEPLOYMENT_TARGET = 14.5;
				MTL_ENABLE_DEBUG_INFO = NO;
				MTL_FAST_MATH = YES;
				SDKROOT = iphoneos;
				SWIFT_COMPILATION_MODE = wholemodule;
				SWIFT_OPTIMIZATION_LEVEL = "-O";
				VALIDATE_PRODUCT = YES;
			};
			name = Release;
		};
		D86766DD26C1072F0028F123 /* Debug */ = {
			isa = XCBuildConfiguration;
			buildSettings = {
				ASSETCATALOG_COMPILER_APPICON_NAME = AppIcon;
				ASSETCATALOG_COMPILER_GLOBAL_ACCENT_COLOR_NAME = AccentColor;
				CLANG_ENABLE_MODULES = YES;
				CODE_SIGN_STYLE = Automatic;
				DEVELOPMENT_TEAM = "";
				INFOPLIST_FILE = SpinnerViewSample/Info.plist;
				LD_RUNPATH_SEARCH_PATHS = (
					"$(inherited)",
					"@executable_path/Frameworks",
				);
				PRODUCT_BUNDLE_IDENTIFIER = io.githubi.hwangbyungjo.SpinnerViewSample;
				PRODUCT_NAME = "$(TARGET_NAME)";
				SWIFT_OBJC_BRIDGING_HEADER = "SpinnerViewSample/SpinnerViewSample-Bridging-Header.h";
				SWIFT_OPTIMIZATION_LEVEL = "-Onone";
				SWIFT_VERSION = 5.0;
				TARGETED_DEVICE_FAMILY = "1,2";
			};
			name = Debug;
		};
		D86766DE26C1072F0028F123 /* Release */ = {
			isa = XCBuildConfiguration;
			buildSettings = {
				ASSETCATALOG_COMPILER_APPICON_NAME = AppIcon;
				ASSETCATALOG_COMPILER_GLOBAL_ACCENT_COLOR_NAME = AccentColor;
				CLANG_ENABLE_MODULES = YES;
				CODE_SIGN_STYLE = Automatic;
				DEVELOPMENT_TEAM = "";
				INFOPLIST_FILE = SpinnerViewSample/Info.plist;
				LD_RUNPATH_SEARCH_PATHS = (
					"$(inherited)",
					"@executable_path/Frameworks",
				);
				PRODUCT_BUNDLE_IDENTIFIER = io.githubi.hwangbyungjo.SpinnerViewSample;
				PRODUCT_NAME = "$(TARGET_NAME)";
				SWIFT_OBJC_BRIDGING_HEADER = "SpinnerViewSample/SpinnerViewSample-Bridging-Header.h";
				SWIFT_VERSION = 5.0;
				TARGETED_DEVICE_FAMILY = "1,2";
			};
			name = Release;
		};
/* End XCBuildConfiguration section */

/* Begin XCConfigurationList section */
		D86766C326C1072D0028F123 /* Build configuration list for PBXProject "SpinnerViewSample" */ = {
			isa = XCConfigurationList;
			buildConfigurations = (
				D86766DA26C1072F0028F123 /* Debug */,
				D86766DB26C1072F0028F123 /* Release */,
			);
			defaultConfigurationIsVisible = 0;
			defaultConfigurationName = Release;
		};
		D86766DC26C1072F0028F123 /* Build configuration list for PBXNativeTarget "SpinnerViewSample" */ = {
			isa = XCConfigurationList;
			buildConfigurations = (
				D86766DD26C1072F0028F123 /* Debug */,
				D86766DE26C1072F0028F123 /* Release */,
			);
			defaultConfigurationIsVisible = 0;
			defaultConfigurationName = Release;
		};
/* End XCConfigurationList section */
	};
	rootObject = D86766C026C1072D0028F123 /* Project object */;
}
